// !$*UTF8*$!
{
	archiveVersion = 1;
	classes = {
	};
	objectVersion = 55;
	objects = {

/* Begin PBXBuildFile section */
		793E979D281875F900C4B0C6 /* CloudKitClass.swift in Sources */ = {isa = PBXBuildFile; fileRef = 793E979C281875F900C4B0C6 /* CloudKitClass.swift */; };
		793E97A12818766300C4B0C6 /* CloudKit.framework in Frameworks */ = {isa = PBXBuildFile; fileRef = 793E97A02818766300C4B0C6 /* CloudKit.framework */; };
		793E97A328187E9500C4B0C6 /* CloudKitCRUDClass.swift in Sources */ = {isa = PBXBuildFile; fileRef = 793E97A228187E9500C4B0C6 /* CloudKitCRUDClass.swift */; };
		7946419727E88E53007523D9 /* SwiftThinkingAdvancedApp.swift in Sources */ = {isa = PBXBuildFile; fileRef = 7946419627E88E53007523D9 /* SwiftThinkingAdvancedApp.swift */; };
		7946419927E88E53007523D9 /* ContentView.swift in Sources */ = {isa = PBXBuildFile; fileRef = 7946419827E88E53007523D9 /* ContentView.swift */; };
		7946419B27E88E53007523D9 /* Assets.xcassets in Resources */ = {isa = PBXBuildFile; fileRef = 7946419A27E88E53007523D9 /* Assets.xcassets */; };
		7946419E27E88E53007523D9 /* Preview Assets.xcassets in Resources */ = {isa = PBXBuildFile; fileRef = 7946419D27E88E53007523D9 /* Preview Assets.xcassets */; };
		794641A527E88E76007523D9 /* CustomModifier.swift in Sources */ = {isa = PBXBuildFile; fileRef = 794641A427E88E76007523D9 /* CustomModifier.swift */; };
		794641A827E891E5007523D9 /* CustomButtonStyle.swift in Sources */ = {isa = PBXBuildFile; fileRef = 794641A727E891E5007523D9 /* CustomButtonStyle.swift */; };
		794641AA27E894C8007523D9 /* CustomTransltionClass.swift in Sources */ = {isa = PBXBuildFile; fileRef = 794641A927E894C8007523D9 /* CustomTransltionClass.swift */; };
		794641AC27E89A21007523D9 /* CustomShapes.swift in Sources */ = {isa = PBXBuildFile; fileRef = 794641AB27E89A21007523D9 /* CustomShapes.swift */; };
		795C538A27E8C2E700A51E68 /* GenericClass.swift in Sources */ = {isa = PBXBuildFile; fileRef = 795C538927E8C2E700A51E68 /* GenericClass.swift */; };
		795C538C27E8CA2800A51E68 /* ViewBuilderClass.swift in Sources */ = {isa = PBXBuildFile; fileRef = 795C538B27E8CA2800A51E68 /* ViewBuilderClass.swift */; };
		796D6DAB28148BCF001B8DD8 /* UIViewControllerRepresentableClass.swift in Sources */ = {isa = PBXBuildFile; fileRef = 796D6DAA28148BCF001B8DD8 /* UIViewControllerRepresentableClass.swift */; };
		796D6DB12814931D001B8DD8 /* DependencyInjectionClass.swift in Sources */ = {isa = PBXBuildFile; fileRef = 796D6DB02814931D001B8DD8 /* DependencyInjectionClass.swift */; };
		796D6DB52815E3B5001B8DD8 /* UnitTestingClass.swift in Sources */ = {isa = PBXBuildFile; fileRef = 796D6DB42815E3B5001B8DD8 /* UnitTestingClass.swift */; };
		796D6DB72815E502001B8DD8 /* UnitTestingClassViewModel.swift in Sources */ = {isa = PBXBuildFile; fileRef = 796D6DB62815E502001B8DD8 /* UnitTestingClassViewModel.swift */; };
		796D6DC02815E5C3001B8DD8 /* SwiftThinkingAdvanced_Tests.swift in Sources */ = {isa = PBXBuildFile; fileRef = 796D6DBF2815E5C3001B8DD8 /* SwiftThinkingAdvanced_Tests.swift */; };
		796D6DC72815E665001B8DD8 /* UnitTestingClassViewModel_Test.swift in Sources */ = {isa = PBXBuildFile; fileRef = 796D6DC62815E665001B8DD8 /* UnitTestingClassViewModel_Test.swift */; };
		796F331227EA2C9700712BE7 /* CombineFuture.swift in Sources */ = {isa = PBXBuildFile; fileRef = 796F331127EA2C9700712BE7 /* CombineFuture.swift */; };
		796F331427EA335C00712BE7 /* PreferenceKeyClass.swift in Sources */ = {isa = PBXBuildFile; fileRef = 796F331327EA335C00712BE7 /* PreferenceKeyClass.swift */; };
		796F331727EA37B700712BE7 /* GeometryPreferenceKeyClass.swift in Sources */ = {isa = PBXBuildFile; fileRef = 796F331627EA37B700712BE7 /* GeometryPreferenceKeyClass.swift */; };
		796F331927EA3A1300712BE7 /* ScrollViewPreferenceKey.swift in Sources */ = {isa = PBXBuildFile; fileRef = 796F331827EA3A1300712BE7 /* ScrollViewPreferenceKey.swift */; };
		799801A42816E575001E6B24 /* NewMockDataService_Test.swift in Sources */ = {isa = PBXBuildFile; fileRef = 799801A32816E575001E6B24 /* NewMockDataService_Test.swift */; };
		799801A62816EA18001E6B24 /* NewMockDataService.swift in Sources */ = {isa = PBXBuildFile; fileRef = 799801A52816EA18001E6B24 /* NewMockDataService.swift */; };
		799801A92816EE63001E6B24 /* UITestingClass.swift in Sources */ = {isa = PBXBuildFile; fileRef = 799801A82816EE63001E6B24 /* UITestingClass.swift */; };
		799801B12816F1DE001E6B24 /* SwiftThinkingAdvanced_UITests.swift in Sources */ = {isa = PBXBuildFile; fileRef = 799801B02816F1DE001E6B24 /* SwiftThinkingAdvanced_UITests.swift */; };
		799801B32816F1DE001E6B24 /* SwiftThinkingAdvanced_UITestsLaunchTests.swift in Sources */ = {isa = PBXBuildFile; fileRef = 799801B22816F1DE001E6B24 /* SwiftThinkingAdvanced_UITestsLaunchTests.swift */; };
		799801BA2816F2B1001E6B24 /* UITestingClass_UITests.swift in Sources */ = {isa = PBXBuildFile; fileRef = 799801B92816F2B1001E6B24 /* UITestingClass_UITests.swift */; };
		799D3CAE2811F1EC00B93EC6 /* UIViewRepresentableBootCamp.swift in Sources */ = {isa = PBXBuildFile; fileRef = 799D3CAD2811F1EC00B93EC6 /* UIViewRepresentableBootCamp.swift */; };
		79CF831C28192AC200D8BB64 /* CloudKitPushNotificationClass.swift in Sources */ = {isa = PBXBuildFile; fileRef = 79CF831B28192AC200D8BB64 /* CloudKitPushNotificationClass.swift */; };
		79DB76CD27E8D67F004F0A7A /* AdvancedCombineClass.swift in Sources */ = {isa = PBXBuildFile; fileRef = 79DB76CC27E8D67F004F0A7A /* AdvancedCombineClass.swift */; };
		79EAB3B327E8A1E700F77383 /* CustomCurves.swift in Sources */ = {isa = PBXBuildFile; fileRef = 79EAB3B227E8A1E700F77383 /* CustomCurves.swift */; };
		79EAB3B527E8B06F00F77383 /* CustomShapeAnimation.swift in Sources */ = {isa = PBXBuildFile; fileRef = 79EAB3B427E8B06F00F77383 /* CustomShapeAnimation.swift */; };
/* End PBXBuildFile section */

/* Begin PBXContainerItemProxy section */
		796D6DC12815E5C3001B8DD8 /* PBXContainerItemProxy */ = {
			isa = PBXContainerItemProxy;
			containerPortal = 7946418B27E88E53007523D9 /* Project object */;
			proxyType = 1;
			remoteGlobalIDString = 7946419227E88E53007523D9;
			remoteInfo = SwiftThinkingAdvanced;
		};
		799801B42816F1DE001E6B24 /* PBXContainerItemProxy */ = {
			isa = PBXContainerItemProxy;
			containerPortal = 7946418B27E88E53007523D9 /* Project object */;
			proxyType = 1;
			remoteGlobalIDString = 7946419227E88E53007523D9;
			remoteInfo = SwiftThinkingAdvanced;
		};
/* End PBXContainerItemProxy section */

/* Begin PBXFileReference section */
		793E979C281875F900C4B0C6 /* CloudKitClass.swift */ = {isa = PBXFileReference; lastKnownFileType = sourcecode.swift; path = CloudKitClass.swift; sourceTree = "<group>"; };
		793E979E2818764200C4B0C6 /* SwiftThinkingAdvanced.entitlements */ = {isa = PBXFileReference; lastKnownFileType = text.plist.entitlements; path = SwiftThinkingAdvanced.entitlements; sourceTree = "<group>"; };
		793E97A02818766300C4B0C6 /* CloudKit.framework */ = {isa = PBXFileReference; lastKnownFileType = wrapper.framework; name = CloudKit.framework; path = System/Library/Frameworks/CloudKit.framework; sourceTree = SDKROOT; };
		793E97A228187E9500C4B0C6 /* CloudKitCRUDClass.swift */ = {isa = PBXFileReference; lastKnownFileType = sourcecode.swift; path = CloudKitCRUDClass.swift; sourceTree = "<group>"; };
		7946419327E88E53007523D9 /* SwiftThinkingAdvanced.app */ = {isa = PBXFileReference; explicitFileType = wrapper.application; includeInIndex = 0; path = SwiftThinkingAdvanced.app; sourceTree = BUILT_PRODUCTS_DIR; };
		7946419627E88E53007523D9 /* SwiftThinkingAdvancedApp.swift */ = {isa = PBXFileReference; lastKnownFileType = sourcecode.swift; path = SwiftThinkingAdvancedApp.swift; sourceTree = "<group>"; };
		7946419827E88E53007523D9 /* ContentView.swift */ = {isa = PBXFileReference; lastKnownFileType = sourcecode.swift; path = ContentView.swift; sourceTree = "<group>"; };
		7946419A27E88E53007523D9 /* Assets.xcassets */ = {isa = PBXFileReference; lastKnownFileType = folder.assetcatalog; path = Assets.xcassets; sourceTree = "<group>"; };
		7946419D27E88E53007523D9 /* Preview Assets.xcassets */ = {isa = PBXFileReference; lastKnownFileType = folder.assetcatalog; path = "Preview Assets.xcassets"; sourceTree = "<group>"; };
		794641A427E88E76007523D9 /* CustomModifier.swift */ = {isa = PBXFileReference; lastKnownFileType = sourcecode.swift; path = CustomModifier.swift; sourceTree = "<group>"; };
		794641A727E891E5007523D9 /* CustomButtonStyle.swift */ = {isa = PBXFileReference; lastKnownFileType = sourcecode.swift; path = CustomButtonStyle.swift; sourceTree = "<group>"; };
		794641A927E894C8007523D9 /* CustomTransltionClass.swift */ = {isa = PBXFileReference; lastKnownFileType = sourcecode.swift; path = CustomTransltionClass.swift; sourceTree = "<group>"; };
		794641AB27E89A21007523D9 /* CustomShapes.swift */ = {isa = PBXFileReference; lastKnownFileType = sourcecode.swift; path = CustomShapes.swift; sourceTree = "<group>"; };
		795C538927E8C2E700A51E68 /* GenericClass.swift */ = {isa = PBXFileReference; lastKnownFileType = sourcecode.swift; path = GenericClass.swift; sourceTree = "<group>"; };
		795C538B27E8CA2800A51E68 /* ViewBuilderClass.swift */ = {isa = PBXFileReference; lastKnownFileType = sourcecode.swift; path = ViewBuilderClass.swift; sourceTree = "<group>"; };
		796D6DAA28148BCF001B8DD8 /* UIViewControllerRepresentableClass.swift */ = {isa = PBXFileReference; lastKnownFileType = sourcecode.swift; path = UIViewControllerRepresentableClass.swift; sourceTree = "<group>"; };
		796D6DB02814931D001B8DD8 /* DependencyInjectionClass.swift */ = {isa = PBXFileReference; lastKnownFileType = sourcecode.swift; path = DependencyInjectionClass.swift; sourceTree = "<group>"; };
		796D6DB42815E3B5001B8DD8 /* UnitTestingClass.swift */ = {isa = PBXFileReference; lastKnownFileType = sourcecode.swift; path = UnitTestingClass.swift; sourceTree = "<group>"; };
		796D6DB62815E502001B8DD8 /* UnitTestingClassViewModel.swift */ = {isa = PBXFileReference; lastKnownFileType = sourcecode.swift; path = UnitTestingClassViewModel.swift; sourceTree = "<group>"; };
		796D6DBD2815E5C3001B8DD8 /* SwiftThinkingAdvanced_Tests.xctest */ = {isa = PBXFileReference; explicitFileType = wrapper.cfbundle; includeInIndex = 0; path = SwiftThinkingAdvanced_Tests.xctest; sourceTree = BUILT_PRODUCTS_DIR; };
		796D6DBF2815E5C3001B8DD8 /* SwiftThinkingAdvanced_Tests.swift */ = {isa = PBXFileReference; lastKnownFileType = sourcecode.swift; path = SwiftThinkingAdvanced_Tests.swift; sourceTree = "<group>"; };
		796D6DC62815E665001B8DD8 /* UnitTestingClassViewModel_Test.swift */ = {isa = PBXFileReference; lastKnownFileType = sourcecode.swift; path = UnitTestingClassViewModel_Test.swift; sourceTree = "<group>"; };
		796F331127EA2C9700712BE7 /* CombineFuture.swift */ = {isa = PBXFileReference; lastKnownFileType = sourcecode.swift; path = CombineFuture.swift; sourceTree = "<group>"; };
		796F331327EA335C00712BE7 /* PreferenceKeyClass.swift */ = {isa = PBXFileReference; lastKnownFileType = sourcecode.swift; path = PreferenceKeyClass.swift; sourceTree = "<group>"; };
		796F331627EA37B700712BE7 /* GeometryPreferenceKeyClass.swift */ = {isa = PBXFileReference; lastKnownFileType = sourcecode.swift; path = GeometryPreferenceKeyClass.swift; sourceTree = "<group>"; };
		796F331827EA3A1300712BE7 /* ScrollViewPreferenceKey.swift */ = {isa = PBXFileReference; lastKnownFileType = sourcecode.swift; path = ScrollViewPreferenceKey.swift; sourceTree = "<group>"; };
		799801A32816E575001E6B24 /* NewMockDataService_Test.swift */ = {isa = PBXFileReference; lastKnownFileType = sourcecode.swift; path = NewMockDataService_Test.swift; sourceTree = "<group>"; };
		799801A52816EA18001E6B24 /* NewMockDataService.swift */ = {isa = PBXFileReference; lastKnownFileType = sourcecode.swift; path = NewMockDataService.swift; sourceTree = "<group>"; };
		799801A82816EE63001E6B24 /* UITestingClass.swift */ = {isa = PBXFileReference; lastKnownFileType = sourcecode.swift; path = UITestingClass.swift; sourceTree = "<group>"; };
		799801AE2816F1DE001E6B24 /* SwiftThinkingAdvanced_UITests.xctest */ = {isa = PBXFileReference; explicitFileType = wrapper.cfbundle; includeInIndex = 0; path = SwiftThinkingAdvanced_UITests.xctest; sourceTree = BUILT_PRODUCTS_DIR; };
		799801B02816F1DE001E6B24 /* SwiftThinkingAdvanced_UITests.swift */ = {isa = PBXFileReference; lastKnownFileType = sourcecode.swift; path = SwiftThinkingAdvanced_UITests.swift; sourceTree = "<group>"; };
		799801B22816F1DE001E6B24 /* SwiftThinkingAdvanced_UITestsLaunchTests.swift */ = {isa = PBXFileReference; lastKnownFileType = sourcecode.swift; path = SwiftThinkingAdvanced_UITestsLaunchTests.swift; sourceTree = "<group>"; };
		799801B92816F2B1001E6B24 /* UITestingClass_UITests.swift */ = {isa = PBXFileReference; lastKnownFileType = sourcecode.swift; path = UITestingClass_UITests.swift; sourceTree = "<group>"; };
		799D3CAD2811F1EC00B93EC6 /* UIViewRepresentableBootCamp.swift */ = {isa = PBXFileReference; lastKnownFileType = sourcecode.swift; path = UIViewRepresentableBootCamp.swift; sourceTree = "<group>"; };
		79CF831B28192AC200D8BB64 /* CloudKitPushNotificationClass.swift */ = {isa = PBXFileReference; lastKnownFileType = sourcecode.swift; path = CloudKitPushNotificationClass.swift; sourceTree = "<group>"; };
		79DB76CC27E8D67F004F0A7A /* AdvancedCombineClass.swift */ = {isa = PBXFileReference; lastKnownFileType = sourcecode.swift; path = AdvancedCombineClass.swift; sourceTree = "<group>"; };
		79EAB3B227E8A1E700F77383 /* CustomCurves.swift */ = {isa = PBXFileReference; lastKnownFileType = sourcecode.swift; path = CustomCurves.swift; sourceTree = "<group>"; };
		79EAB3B427E8B06F00F77383 /* CustomShapeAnimation.swift */ = {isa = PBXFileReference; lastKnownFileType = sourcecode.swift; path = CustomShapeAnimation.swift; sourceTree = "<group>"; };
/* End PBXFileReference section */

/* Begin PBXFrameworksBuildPhase section */
		7946419027E88E53007523D9 /* Frameworks */ = {
			isa = PBXFrameworksBuildPhase;
			buildActionMask = 2147483647;
			files = (
				793E97A12818766300C4B0C6 /* CloudKit.framework in Frameworks */,
			);
			runOnlyForDeploymentPostprocessing = 0;
		};
		796D6DBA2815E5C3001B8DD8 /* Frameworks */ = {
			isa = PBXFrameworksBuildPhase;
			buildActionMask = 2147483647;
			files = (
			);
			runOnlyForDeploymentPostprocessing = 0;
		};
		799801AB2816F1DE001E6B24 /* Frameworks */ = {
			isa = PBXFrameworksBuildPhase;
			buildActionMask = 2147483647;
			files = (
			);
			runOnlyForDeploymentPostprocessing = 0;
		};
/* End PBXFrameworksBuildPhase section */

/* Begin PBXGroup section */
		793E979B281875E900C4B0C6 /* CloudKitClass */ = {
			isa = PBXGroup;
			children = (
				793E979C281875F900C4B0C6 /* CloudKitClass.swift */,
				793E97A228187E9500C4B0C6 /* CloudKitCRUDClass.swift */,
				79CF831B28192AC200D8BB64 /* CloudKitPushNotificationClass.swift */,
			);
			path = CloudKitClass;
			sourceTree = "<group>";
		};
		793E979F2818766300C4B0C6 /* Frameworks */ = {
			isa = PBXGroup;
			children = (
				793E97A02818766300C4B0C6 /* CloudKit.framework */,
			);
			name = Frameworks;
			sourceTree = "<group>";
		};
		7946418A27E88E53007523D9 = {
			isa = PBXGroup;
			children = (
				7946419527E88E53007523D9 /* SwiftThinkingAdvanced */,
				796D6DBE2815E5C3001B8DD8 /* SwiftThinkingAdvanced_Tests */,
				799801AF2816F1DE001E6B24 /* SwiftThinkingAdvanced_UITests */,
				7946419427E88E53007523D9 /* Products */,
				793E979F2818766300C4B0C6 /* Frameworks */,
			);
			sourceTree = "<group>";
		};
		7946419427E88E53007523D9 /* Products */ = {
			isa = PBXGroup;
			children = (
				7946419327E88E53007523D9 /* SwiftThinkingAdvanced.app */,
				796D6DBD2815E5C3001B8DD8 /* SwiftThinkingAdvanced_Tests.xctest */,
				799801AE2816F1DE001E6B24 /* SwiftThinkingAdvanced_UITests.xctest */,
			);
			name = Products;
			sourceTree = "<group>";
		};
		7946419527E88E53007523D9 /* SwiftThinkingAdvanced */ = {
			isa = PBXGroup;
			children = (
				793E979E2818764200C4B0C6 /* SwiftThinkingAdvanced.entitlements */,
				794641A627E88E83007523D9 /* Class */,
				7946419627E88E53007523D9 /* SwiftThinkingAdvancedApp.swift */,
				7946419827E88E53007523D9 /* ContentView.swift */,
				7946419A27E88E53007523D9 /* Assets.xcassets */,
				7946419C27E88E53007523D9 /* Preview Content */,
			);
			path = SwiftThinkingAdvanced;
			sourceTree = "<group>";
		};
		7946419C27E88E53007523D9 /* Preview Content */ = {
			isa = PBXGroup;
			children = (
				7946419D27E88E53007523D9 /* Preview Assets.xcassets */,
			);
			path = "Preview Content";
			sourceTree = "<group>";
		};
		794641A627E88E83007523D9 /* Class */ = {
			isa = PBXGroup;
			children = (
				793E979B281875E900C4B0C6 /* CloudKitClass */,
				796D6DB82815E513001B8DD8 /* UnitTesting */,
				799801A72816EE1C001E6B24 /* UITesting */,
				796F331527EA37A200712BE7 /* PreferenceKeyClass */,
				794641A427E88E76007523D9 /* CustomModifier.swift */,
				794641A727E891E5007523D9 /* CustomButtonStyle.swift */,
				794641A927E894C8007523D9 /* CustomTransltionClass.swift */,
				794641AB27E89A21007523D9 /* CustomShapes.swift */,
				79EAB3B227E8A1E700F77383 /* CustomCurves.swift */,
				79EAB3B427E8B06F00F77383 /* CustomShapeAnimation.swift */,
				795C538927E8C2E700A51E68 /* GenericClass.swift */,
				795C538B27E8CA2800A51E68 /* ViewBuilderClass.swift */,
				79DB76CC27E8D67F004F0A7A /* AdvancedCombineClass.swift */,
				796F331127EA2C9700712BE7 /* CombineFuture.swift */,
				799D3CAD2811F1EC00B93EC6 /* UIViewRepresentableBootCamp.swift */,
				796D6DAA28148BCF001B8DD8 /* UIViewControllerRepresentableClass.swift */,
				796D6DB02814931D001B8DD8 /* DependencyInjectionClass.swift */,
			);
			path = Class;
			sourceTree = "<group>";
		};
		796D6DB82815E513001B8DD8 /* UnitTesting */ = {
			isa = PBXGroup;
			children = (
				796D6DB42815E3B5001B8DD8 /* UnitTestingClass.swift */,
				796D6DB62815E502001B8DD8 /* UnitTestingClassViewModel.swift */,
				799801A52816EA18001E6B24 /* NewMockDataService.swift */,
			);
			path = UnitTesting;
			sourceTree = "<group>";
		};
		796D6DBE2815E5C3001B8DD8 /* SwiftThinkingAdvanced_Tests */ = {
			isa = PBXGroup;
			children = (
				796D6DBF2815E5C3001B8DD8 /* SwiftThinkingAdvanced_Tests.swift */,
				796D6DC62815E665001B8DD8 /* UnitTestingClassViewModel_Test.swift */,
				799801A32816E575001E6B24 /* NewMockDataService_Test.swift */,
			);
			path = SwiftThinkingAdvanced_Tests;
			sourceTree = "<group>";
		};
		796F331527EA37A200712BE7 /* PreferenceKeyClass */ = {
			isa = PBXGroup;
			children = (
				796F331327EA335C00712BE7 /* PreferenceKeyClass.swift */,
				796F331627EA37B700712BE7 /* GeometryPreferenceKeyClass.swift */,
				796F331827EA3A1300712BE7 /* ScrollViewPreferenceKey.swift */,
			);
			path = PreferenceKeyClass;
			sourceTree = "<group>";
		};
		799801A72816EE1C001E6B24 /* UITesting */ = {
			isa = PBXGroup;
			children = (
				799801A82816EE63001E6B24 /* UITestingClass.swift */,
			);
			path = UITesting;
			sourceTree = "<group>";
		};
		799801AF2816F1DE001E6B24 /* SwiftThinkingAdvanced_UITests */ = {
			isa = PBXGroup;
			children = (
				799801B02816F1DE001E6B24 /* SwiftThinkingAdvanced_UITests.swift */,
				799801B22816F1DE001E6B24 /* SwiftThinkingAdvanced_UITestsLaunchTests.swift */,
				799801B92816F2B1001E6B24 /* UITestingClass_UITests.swift */,
			);
			path = SwiftThinkingAdvanced_UITests;
			sourceTree = "<group>";
		};
/* End PBXGroup section */

/* Begin PBXNativeTarget section */
		7946419227E88E53007523D9 /* SwiftThinkingAdvanced */ = {
			isa = PBXNativeTarget;
			buildConfigurationList = 794641A127E88E53007523D9 /* Build configuration list for PBXNativeTarget "SwiftThinkingAdvanced" */;
			buildPhases = (
				7946418F27E88E53007523D9 /* Sources */,
				7946419027E88E53007523D9 /* Frameworks */,
				7946419127E88E53007523D9 /* Resources */,
			);
			buildRules = (
			);
			dependencies = (
			);
			name = SwiftThinkingAdvanced;
			productName = SwiftThinkingAdvanced;
			productReference = 7946419327E88E53007523D9 /* SwiftThinkingAdvanced.app */;
			productType = "com.apple.product-type.application";
		};
		796D6DBC2815E5C3001B8DD8 /* SwiftThinkingAdvanced_Tests */ = {
			isa = PBXNativeTarget;
			buildConfigurationList = 796D6DC32815E5C3001B8DD8 /* Build configuration list for PBXNativeTarget "SwiftThinkingAdvanced_Tests" */;
			buildPhases = (
				796D6DB92815E5C3001B8DD8 /* Sources */,
				796D6DBA2815E5C3001B8DD8 /* Frameworks */,
				796D6DBB2815E5C3001B8DD8 /* Resources */,
			);
			buildRules = (
			);
			dependencies = (
				796D6DC22815E5C3001B8DD8 /* PBXTargetDependency */,
			);
			name = SwiftThinkingAdvanced_Tests;
			productName = SwiftThinkingAdvanced_Tests;
			productReference = 796D6DBD2815E5C3001B8DD8 /* SwiftThinkingAdvanced_Tests.xctest */;
			productType = "com.apple.product-type.bundle.unit-test";
		};
		799801AD2816F1DE001E6B24 /* SwiftThinkingAdvanced_UITests */ = {
			isa = PBXNativeTarget;
			buildConfigurationList = 799801B62816F1DE001E6B24 /* Build configuration list for PBXNativeTarget "SwiftThinkingAdvanced_UITests" */;
			buildPhases = (
				799801AA2816F1DE001E6B24 /* Sources */,
				799801AB2816F1DE001E6B24 /* Frameworks */,
				799801AC2816F1DE001E6B24 /* Resources */,
			);
			buildRules = (
			);
			dependencies = (
				799801B52816F1DE001E6B24 /* PBXTargetDependency */,
			);
			name = SwiftThinkingAdvanced_UITests;
			productName = SwiftThinkingAdvanced_UITests;
			productReference = 799801AE2816F1DE001E6B24 /* SwiftThinkingAdvanced_UITests.xctest */;
			productType = "com.apple.product-type.bundle.ui-testing";
		};
/* End PBXNativeTarget section */

/* Begin PBXProject section */
		7946418B27E88E53007523D9 /* Project object */ = {
			isa = PBXProject;
			attributes = {
				BuildIndependentTargetsInParallel = 1;
				LastSwiftUpdateCheck = 1330;
				LastUpgradeCheck = 1330;
				TargetAttributes = {
					7946419227E88E53007523D9 = {
						CreatedOnToolsVersion = 13.3;
					};
					796D6DBC2815E5C3001B8DD8 = {
						CreatedOnToolsVersion = 13.3.1;
						TestTargetID = 7946419227E88E53007523D9;
					};
					799801AD2816F1DE001E6B24 = {
						CreatedOnToolsVersion = 13.3.1;
						TestTargetID = 7946419227E88E53007523D9;
					};
				};
			};
			buildConfigurationList = 7946418E27E88E53007523D9 /* Build configuration list for PBXProject "SwiftThinkingAdvanced" */;
			compatibilityVersion = "Xcode 13.0";
			developmentRegion = en;
			hasScannedForEncodings = 0;
			knownRegions = (
				en,
				Base,
			);
			mainGroup = 7946418A27E88E53007523D9;
			productRefGroup = 7946419427E88E53007523D9 /* Products */;
			projectDirPath = "";
			projectRoot = "";
			targets = (
				7946419227E88E53007523D9 /* SwiftThinkingAdvanced */,
				796D6DBC2815E5C3001B8DD8 /* SwiftThinkingAdvanced_Tests */,
				799801AD2816F1DE001E6B24 /* SwiftThinkingAdvanced_UITests */,
			);
		};
/* End PBXProject section */

/* Begin PBXResourcesBuildPhase section */
		7946419127E88E53007523D9 /* Resources */ = {
			isa = PBXResourcesBuildPhase;
			buildActionMask = 2147483647;
			files = (
				7946419E27E88E53007523D9 /* Preview Assets.xcassets in Resources */,
				7946419B27E88E53007523D9 /* Assets.xcassets in Resources */,
			);
			runOnlyForDeploymentPostprocessing = 0;
		};
		796D6DBB2815E5C3001B8DD8 /* Resources */ = {
			isa = PBXResourcesBuildPhase;
			buildActionMask = 2147483647;
			files = (
			);
			runOnlyForDeploymentPostprocessing = 0;
		};
		799801AC2816F1DE001E6B24 /* Resources */ = {
			isa = PBXResourcesBuildPhase;
			buildActionMask = 2147483647;
			files = (
			);
			runOnlyForDeploymentPostprocessing = 0;
		};
/* End PBXResourcesBuildPhase section */

/* Begin PBXSourcesBuildPhase section */
		7946418F27E88E53007523D9 /* Sources */ = {
			isa = PBXSourcesBuildPhase;
			buildActionMask = 2147483647;
			files = (
				794641AC27E89A21007523D9 /* CustomShapes.swift in Sources */,
				796F331427EA335C00712BE7 /* PreferenceKeyClass.swift in Sources */,
				79CF831C28192AC200D8BB64 /* CloudKitPushNotificationClass.swift in Sources */,
				796D6DB72815E502001B8DD8 /* UnitTestingClassViewModel.swift in Sources */,
				79EAB3B527E8B06F00F77383 /* CustomShapeAnimation.swift in Sources */,
				796F331227EA2C9700712BE7 /* CombineFuture.swift in Sources */,
				795C538A27E8C2E700A51E68 /* GenericClass.swift in Sources */,
				796D6DAB28148BCF001B8DD8 /* UIViewControllerRepresentableClass.swift in Sources */,
				795C538C27E8CA2800A51E68 /* ViewBuilderClass.swift in Sources */,
				794641A527E88E76007523D9 /* CustomModifier.swift in Sources */,
				794641AA27E894C8007523D9 /* CustomTransltionClass.swift in Sources */,
				796D6DB12814931D001B8DD8 /* DependencyInjectionClass.swift in Sources */,
				796F331727EA37B700712BE7 /* GeometryPreferenceKeyClass.swift in Sources */,
				799D3CAE2811F1EC00B93EC6 /* UIViewRepresentableBootCamp.swift in Sources */,
				793E97A328187E9500C4B0C6 /* CloudKitCRUDClass.swift in Sources */,
				799801A62816EA18001E6B24 /* NewMockDataService.swift in Sources */,
				79DB76CD27E8D67F004F0A7A /* AdvancedCombineClass.swift in Sources */,
				796D6DB52815E3B5001B8DD8 /* UnitTestingClass.swift in Sources */,
				793E979D281875F900C4B0C6 /* CloudKitClass.swift in Sources */,
				7946419927E88E53007523D9 /* ContentView.swift in Sources */,
				794641A827E891E5007523D9 /* CustomButtonStyle.swift in Sources */,
				7946419727E88E53007523D9 /* SwiftThinkingAdvancedApp.swift in Sources */,
				799801A92816EE63001E6B24 /* UITestingClass.swift in Sources */,
				79EAB3B327E8A1E700F77383 /* CustomCurves.swift in Sources */,
				796F331927EA3A1300712BE7 /* ScrollViewPreferenceKey.swift in Sources */,
			);
			runOnlyForDeploymentPostprocessing = 0;
		};
		796D6DB92815E5C3001B8DD8 /* Sources */ = {
			isa = PBXSourcesBuildPhase;
			buildActionMask = 2147483647;
			files = (
				796D6DC72815E665001B8DD8 /* UnitTestingClassViewModel_Test.swift in Sources */,
				796D6DC02815E5C3001B8DD8 /* SwiftThinkingAdvanced_Tests.swift in Sources */,
				799801A42816E575001E6B24 /* NewMockDataService_Test.swift in Sources */,
			);
			runOnlyForDeploymentPostprocessing = 0;
		};
		799801AA2816F1DE001E6B24 /* Sources */ = {
			isa = PBXSourcesBuildPhase;
			buildActionMask = 2147483647;
			files = (
				799801B32816F1DE001E6B24 /* SwiftThinkingAdvanced_UITestsLaunchTests.swift in Sources */,
				799801B12816F1DE001E6B24 /* SwiftThinkingAdvanced_UITests.swift in Sources */,
				799801BA2816F2B1001E6B24 /* UITestingClass_UITests.swift in Sources */,
			);
			runOnlyForDeploymentPostprocessing = 0;
		};
/* End PBXSourcesBuildPhase section */

/* Begin PBXTargetDependency section */
		796D6DC22815E5C3001B8DD8 /* PBXTargetDependency */ = {
			isa = PBXTargetDependency;
			target = 7946419227E88E53007523D9 /* SwiftThinkingAdvanced */;
			targetProxy = 796D6DC12815E5C3001B8DD8 /* PBXContainerItemProxy */;
		};
		799801B52816F1DE001E6B24 /* PBXTargetDependency */ = {
			isa = PBXTargetDependency;
			target = 7946419227E88E53007523D9 /* SwiftThinkingAdvanced */;
			targetProxy = 799801B42816F1DE001E6B24 /* PBXContainerItemProxy */;
		};
/* End PBXTargetDependency section */

/* Begin XCBuildConfiguration section */
		7946419F27E88E53007523D9 /* Debug */ = {
			isa = XCBuildConfiguration;
			buildSettings = {
				ALWAYS_SEARCH_USER_PATHS = NO;
				CLANG_ANALYZER_NONNULL = YES;
				CLANG_ANALYZER_NUMBER_OBJECT_CONVERSION = YES_AGGRESSIVE;
				CLANG_CXX_LANGUAGE_STANDARD = "gnu++17";
				CLANG_ENABLE_MODULES = YES;
				CLANG_ENABLE_OBJC_ARC = YES;
				CLANG_ENABLE_OBJC_WEAK = YES;
				CLANG_WARN_BLOCK_CAPTURE_AUTORELEASING = YES;
				CLANG_WARN_BOOL_CONVERSION = YES;
				CLANG_WARN_COMMA = YES;
				CLANG_WARN_CONSTANT_CONVERSION = YES;
				CLANG_WARN_DEPRECATED_OBJC_IMPLEMENTATIONS = YES;
				CLANG_WARN_DIRECT_OBJC_ISA_USAGE = YES_ERROR;
				CLANG_WARN_DOCUMENTATION_COMMENTS = YES;
				CLANG_WARN_EMPTY_BODY = YES;
				CLANG_WARN_ENUM_CONVERSION = YES;
				CLANG_WARN_INFINITE_RECURSION = YES;
				CLANG_WARN_INT_CONVERSION = YES;
				CLANG_WARN_NON_LITERAL_NULL_CONVERSION = YES;
				CLANG_WARN_OBJC_IMPLICIT_RETAIN_SELF = YES;
				CLANG_WARN_OBJC_LITERAL_CONVERSION = YES;
				CLANG_WARN_OBJC_ROOT_CLASS = YES_ERROR;
				CLANG_WARN_QUOTED_INCLUDE_IN_FRAMEWORK_HEADER = YES;
				CLANG_WARN_RANGE_LOOP_ANALYSIS = YES;
				CLANG_WARN_STRICT_PROTOTYPES = YES;
				CLANG_WARN_SUSPICIOUS_MOVE = YES;
				CLANG_WARN_UNGUARDED_AVAILABILITY = YES_AGGRESSIVE;
				CLANG_WARN_UNREACHABLE_CODE = YES;
				CLANG_WARN__DUPLICATE_METHOD_MATCH = YES;
				COPY_PHASE_STRIP = NO;
				DEBUG_INFORMATION_FORMAT = dwarf;
				ENABLE_STRICT_OBJC_MSGSEND = YES;
				ENABLE_TESTABILITY = YES;
				GCC_C_LANGUAGE_STANDARD = gnu11;
				GCC_DYNAMIC_NO_PIC = NO;
				GCC_NO_COMMON_BLOCKS = YES;
				GCC_OPTIMIZATION_LEVEL = 0;
				GCC_PREPROCESSOR_DEFINITIONS = (
					"DEBUG=1",
					"$(inherited)",
				);
				GCC_WARN_64_TO_32_BIT_CONVERSION = YES;
				GCC_WARN_ABOUT_RETURN_TYPE = YES_ERROR;
				GCC_WARN_UNDECLARED_SELECTOR = YES;
				GCC_WARN_UNINITIALIZED_AUTOS = YES_AGGRESSIVE;
				GCC_WARN_UNUSED_FUNCTION = YES;
				GCC_WARN_UNUSED_VARIABLE = YES;
				IPHONEOS_DEPLOYMENT_TARGET = 15.4;
				MTL_ENABLE_DEBUG_INFO = INCLUDE_SOURCE;
				MTL_FAST_MATH = YES;
				ONLY_ACTIVE_ARCH = YES;
				SDKROOT = iphoneos;
				SWIFT_ACTIVE_COMPILATION_CONDITIONS = DEBUG;
				SWIFT_OPTIMIZATION_LEVEL = "-Onone";
			};
			name = Debug;
		};
		794641A027E88E53007523D9 /* Release */ = {
			isa = XCBuildConfiguration;
			buildSettings = {
				ALWAYS_SEARCH_USER_PATHS = NO;
				CLANG_ANALYZER_NONNULL = YES;
				CLANG_ANALYZER_NUMBER_OBJECT_CONVERSION = YES_AGGRESSIVE;
				CLANG_CXX_LANGUAGE_STANDARD = "gnu++17";
				CLANG_ENABLE_MODULES = YES;
				CLANG_ENABLE_OBJC_ARC = YES;
				CLANG_ENABLE_OBJC_WEAK = YES;
				CLANG_WARN_BLOCK_CAPTURE_AUTORELEASING = YES;
				CLANG_WARN_BOOL_CONVERSION = YES;
				CLANG_WARN_COMMA = YES;
				CLANG_WARN_CONSTANT_CONVERSION = YES;
				CLANG_WARN_DEPRECATED_OBJC_IMPLEMENTATIONS = YES;
				CLANG_WARN_DIRECT_OBJC_ISA_USAGE = YES_ERROR;
				CLANG_WARN_DOCUMENTATION_COMMENTS = YES;
				CLANG_WARN_EMPTY_BODY = YES;
				CLANG_WARN_ENUM_CONVERSION = YES;
				CLANG_WARN_INFINITE_RECURSION = YES;
				CLANG_WARN_INT_CONVERSION = YES;
				CLANG_WARN_NON_LITERAL_NULL_CONVERSION = YES;
				CLANG_WARN_OBJC_IMPLICIT_RETAIN_SELF = YES;
				CLANG_WARN_OBJC_LITERAL_CONVERSION = YES;
				CLANG_WARN_OBJC_ROOT_CLASS = YES_ERROR;
				CLANG_WARN_QUOTED_INCLUDE_IN_FRAMEWORK_HEADER = YES;
				CLANG_WARN_RANGE_LOOP_ANALYSIS = YES;
				CLANG_WARN_STRICT_PROTOTYPES = YES;
				CLANG_WARN_SUSPICIOUS_MOVE = YES;
				CLANG_WARN_UNGUARDED_AVAILABILITY = YES_AGGRESSIVE;
				CLANG_WARN_UNREACHABLE_CODE = YES;
				CLANG_WARN__DUPLICATE_METHOD_MATCH = YES;
				COPY_PHASE_STRIP = NO;
				DEBUG_INFORMATION_FORMAT = "dwarf-with-dsym";
				ENABLE_NS_ASSERTIONS = NO;
				ENABLE_STRICT_OBJC_MSGSEND = YES;
				GCC_C_LANGUAGE_STANDARD = gnu11;
				GCC_NO_COMMON_BLOCKS = YES;
				GCC_WARN_64_TO_32_BIT_CONVERSION = YES;
				GCC_WARN_ABOUT_RETURN_TYPE = YES_ERROR;
				GCC_WARN_UNDECLARED_SELECTOR = YES;
				GCC_WARN_UNINITIALIZED_AUTOS = YES_AGGRESSIVE;
				GCC_WARN_UNUSED_FUNCTION = YES;
				GCC_WARN_UNUSED_VARIABLE = YES;
				IPHONEOS_DEPLOYMENT_TARGET = 15.4;
				MTL_ENABLE_DEBUG_INFO = NO;
				MTL_FAST_MATH = YES;
				SDKROOT = iphoneos;
				SWIFT_COMPILATION_MODE = wholemodule;
				SWIFT_OPTIMIZATION_LEVEL = "-O";
				VALIDATE_PRODUCT = YES;
			};
			name = Release;
		};
		794641A227E88E53007523D9 /* Debug */ = {
			isa = XCBuildConfiguration;
			buildSettings = {
				ASSETCATALOG_COMPILER_APPICON_NAME = AppIcon;
				ASSETCATALOG_COMPILER_GLOBAL_ACCENT_COLOR_NAME = AccentColor;
				CODE_SIGN_ENTITLEMENTS = SwiftThinkingAdvanced/SwiftThinkingAdvanced.entitlements;
				CODE_SIGN_STYLE = Automatic;
				CURRENT_PROJECT_VERSION = 1;
				DEVELOPMENT_ASSET_PATHS = "\"SwiftThinkingAdvanced/Preview Content\"";
				DEVELOPMENT_TEAM = SRJSV34WBB;
				ENABLE_PREVIEWS = YES;
				GENERATE_INFOPLIST_FILE = YES;
				INFOPLIST_KEY_UIApplicationSceneManifest_Generation = YES;
				INFOPLIST_KEY_UIApplicationSupportsIndirectInputEvents = YES;
				INFOPLIST_KEY_UILaunchScreen_Generation = YES;
				INFOPLIST_KEY_UISupportedInterfaceOrientations_iPad = "UIInterfaceOrientationPortrait UIInterfaceOrientationPortraitUpsideDown UIInterfaceOrientationLandscapeLeft UIInterfaceOrientationLandscapeRight";
				INFOPLIST_KEY_UISupportedInterfaceOrientations_iPhone = "UIInterfaceOrientationPortrait UIInterfaceOrientationLandscapeLeft UIInterfaceOrientationLandscapeRight";
				LD_RUNPATH_SEARCH_PATHS = (
					"$(inherited)",
					"@executable_path/Frameworks",
				);
				MARKETING_VERSION = 1.0;
				PRODUCT_BUNDLE_IDENTIFIER = com.devleeky16498.SwiftThinkingAdvanced;
				PRODUCT_NAME = "$(TARGET_NAME)";
				SWIFT_EMIT_LOC_STRINGS = YES;
				SWIFT_VERSION = 5.0;
				TARGETED_DEVICE_FAMILY = "1,2";
			};
			name = Debug;
		};
		794641A327E88E53007523D9 /* Release */ = {
			isa = XCBuildConfiguration;
			buildSettings = {
				ASSETCATALOG_COMPILER_APPICON_NAME = AppIcon;
				ASSETCATALOG_COMPILER_GLOBAL_ACCENT_COLOR_NAME = AccentColor;
				CODE_SIGN_ENTITLEMENTS = SwiftThinkingAdvanced/SwiftThinkingAdvanced.entitlements;
				CODE_SIGN_STYLE = Automatic;
				CURRENT_PROJECT_VERSION = 1;
				DEVELOPMENT_ASSET_PATHS = "\"SwiftThinkingAdvanced/Preview Content\"";
				DEVELOPMENT_TEAM = SRJSV34WBB;
				ENABLE_PREVIEWS = YES;
				GENERATE_INFOPLIST_FILE = YES;
				INFOPLIST_KEY_UIApplicationSceneManifest_Generation = YES;
				INFOPLIST_KEY_UIApplicationSupportsIndirectInputEvents = YES;
				INFOPLIST_KEY_UILaunchScreen_Generation = YES;
				INFOPLIST_KEY_UISupportedInterfaceOrientations_iPad = "UIInterfaceOrientationPortrait UIInterfaceOrientationPortraitUpsideDown UIInterfaceOrientationLandscapeLeft UIInterfaceOrientationLandscapeRight";
				INFOPLIST_KEY_UISupportedInterfaceOrientations_iPhone = "UIInterfaceOrientationPortrait UIInterfaceOrientationLandscapeLeft UIInterfaceOrientationLandscapeRight";
				LD_RUNPATH_SEARCH_PATHS = (
					"$(inherited)",
					"@executable_path/Frameworks",
				);
				MARKETING_VERSION = 1.0;
				PRODUCT_BUNDLE_IDENTIFIER = com.devleeky16498.SwiftThinkingAdvanced;
				PRODUCT_NAME = "$(TARGET_NAME)";
				SWIFT_EMIT_LOC_STRINGS = YES;
				SWIFT_VERSION = 5.0;
				TARGETED_DEVICE_FAMILY = "1,2";
			};
			name = Release;
		};
		796D6DC42815E5C3001B8DD8 /* Debug */ = {
			isa = XCBuildConfiguration;
			buildSettings = {
				BUNDLE_LOADER = "$(TEST_HOST)";
				CODE_SIGN_STYLE = Automatic;
				CURRENT_PROJECT_VERSION = 1;
				DEVELOPMENT_TEAM = SRJSV34WBB;
				GENERATE_INFOPLIST_FILE = YES;
				MARKETING_VERSION = 1.0;
				PRODUCT_BUNDLE_IDENTIFIER = "devleeky16498.SwiftThinkingAdvanced-Tests";
				PRODUCT_NAME = "$(TARGET_NAME)";
				SWIFT_EMIT_LOC_STRINGS = NO;
				SWIFT_VERSION = 5.0;
				TARGETED_DEVICE_FAMILY = "1,2";
				TEST_HOST = "$(BUILT_PRODUCTS_DIR)/SwiftThinkingAdvanced.app/SwiftThinkingAdvanced";
			};
			name = Debug;
		};
		796D6DC52815E5C3001B8DD8 /* Release */ = {
			isa = XCBuildConfiguration;
			buildSettings = {
				BUNDLE_LOADER = "$(TEST_HOST)";
				CODE_SIGN_STYLE = Automatic;
				CURRENT_PROJECT_VERSION = 1;
				DEVELOPMENT_TEAM = SRJSV34WBB;
				GENERATE_INFOPLIST_FILE = YES;
				MARKETING_VERSION = 1.0;
				PRODUCT_BUNDLE_IDENTIFIER = "devleeky16498.SwiftThinkingAdvanced-Tests";
				PRODUCT_NAME = "$(TARGET_NAME)";
				SWIFT_EMIT_LOC_STRINGS = NO;
				SWIFT_VERSION = 5.0;
				TARGETED_DEVICE_FAMILY = "1,2";
				TEST_HOST = "$(BUILT_PRODUCTS_DIR)/SwiftThinkingAdvanced.app/SwiftThinkingAdvanced";
			};
			name = Release;
		};
		799801B72816F1DE001E6B24 /* Debug */ = {
			isa = XCBuildConfiguration;
			buildSettings = {
				CODE_SIGN_STYLE = Automatic;
				CURRENT_PROJECT_VERSION = 1;
				DEVELOPMENT_TEAM = SRJSV34WBB;
				GENERATE_INFOPLIST_FILE = YES;
				MARKETING_VERSION = 1.0;
				PRODUCT_BUNDLE_IDENTIFIER = "devleeky16498.SwiftThinkingAdvanced-UITests";
				PRODUCT_NAME = "$(TARGET_NAME)";
				SWIFT_EMIT_LOC_STRINGS = NO;
				SWIFT_VERSION = 5.0;
				TARGETED_DEVICE_FAMILY = "1,2";
				TEST_TARGET_NAME = SwiftThinkingAdvanced;
			};
			name = Debug;
		};
		799801B82816F1DE001E6B24 /* Release */ = {
			isa = XCBuildConfiguration;
			buildSettings = {
				CODE_SIGN_STYLE = Automatic;
				CURRENT_PROJECT_VERSION = 1;
				DEVELOPMENT_TEAM = SRJSV34WBB;
				GENERATE_INFOPLIST_FILE = YES;
				MARKETING_VERSION = 1.0;
				PRODUCT_BUNDLE_IDENTIFIER = "devleeky16498.SwiftThinkingAdvanced-UITests";
				PRODUCT_NAME = "$(TARGET_NAME)";
				SWIFT_EMIT_LOC_STRINGS = NO;
				SWIFT_VERSION = 5.0;
				TARGETED_DEVICE_FAMILY = "1,2";
				TEST_TARGET_NAME = SwiftThinkingAdvanced;
			};
			name = Release;
		};
/* End XCBuildConfiguration section */

/* Begin XCConfigurationList section */
		7946418E27E88E53007523D9 /* Build configuration list for PBXProject "SwiftThinkingAdvanced" */ = {
			isa = XCConfigurationList;
			buildConfigurations = (
				7946419F27E88E53007523D9 /* Debug */,
				794641A027E88E53007523D9 /* Release */,
			);
			defaultConfigurationIsVisible = 0;
			defaultConfigurationName = Release;
		};
		794641A127E88E53007523D9 /* Build configuration list for PBXNativeTarget "SwiftThinkingAdvanced" */ = {
			isa = XCConfigurationList;
			buildConfigurations = (
				794641A227E88E53007523D9 /* Debug */,
				794641A327E88E53007523D9 /* Release */,
			);
			defaultConfigurationIsVisible = 0;
			defaultConfigurationName = Release;
		};
		796D6DC32815E5C3001B8DD8 /* Build configuration list for PBXNativeTarget "SwiftThinkingAdvanced_Tests" */ = {
			isa = XCConfigurationList;
			buildConfigurations = (
				796D6DC42815E5C3001B8DD8 /* Debug */,
				796D6DC52815E5C3001B8DD8 /* Release */,
			);
			defaultConfigurationIsVisible = 0;
			defaultConfigurationName = Release;
		};
		799801B62816F1DE001E6B24 /* Build configuration list for PBXNativeTarget "SwiftThinkingAdvanced_UITests" */ = {
			isa = XCConfigurationList;
			buildConfigurations = (
				799801B72816F1DE001E6B24 /* Debug */,
				799801B82816F1DE001E6B24 /* Release */,
			);
			defaultConfigurationIsVisible = 0;
			defaultConfigurationName = Release;
		};
/* End XCConfigurationList section */
	};
	rootObject = 7946418B27E88E53007523D9 /* Project object */;
}
